{
  "nodes": {
    "fenix": {
      "inputs": {
        "nixpkgs": [
          "nixpkgs"
        ],
        "rust-analyzer-src": "rust-analyzer-src"
      },
      "locked": {
        "lastModified": 1733812506,
        "narHash": "sha256-3fgFIijf23nKfJogpcEaUGky1W2BpOzpr0ljgx+cmOM=",
        "owner": "nix-community",
        "repo": "fenix",
        "rev": "0d8227f07b35ab04fee007fff4f9bb18c6d66af1",
        "type": "github"
      },
      "original": {
        "owner": "nix-community",
        "repo": "fenix",
        "type": "github"
      }
    },
    "nixpkgs": {
      "locked": {
        "lastModified": 1733330745,
        "narHash": "sha256-jy34Nf4Tn1ITZcYyMBn1/7jA8bCCIZDpiVahqlCXfww=",
        "owner": "nixos",
        "repo": "nixpkgs",
        "rev": "2f9d395f057a50f8076f633c10519035fce8d773",
        "type": "github"
      },
      "original": {
        "owner": "nixos",
        "ref": "nixpkgs-unstable",
        "repo": "nixpkgs",
        "type": "github"
      }
    },
    "root": {
      "inputs": {
        "fenix": "fenix",
        "nixpkgs": "nixpkgs"
      }
    },
    "rust-analyzer-src": {
      "flake": false,
      "locked": {
        "lastModified": 1733756789,
        "narHash": "sha256-cK9hSImKm6FkMeIsdjzuRA1tjOKnXI1VHdmJbmpOYqI=",
        "owner": "rust-lang",
        "repo": "rust-analyzer",
        "rev": "99a6ecd41e5e458b3f4c2142b29a80d77ecda248",
        "type": "github"
      },
      "original": {
        "owner": "rust-lang",
        "ref": "nightly",
        "repo": "rust-analyzer",
        "type": "github"
      }
    }
  },
  "root": "root",
  "version": 7
}
